
Microsoft Visual Studio Solution File, Format Version 12.00
# Visual Studio Version 17
VisualStudioVersion = 17.3.32811.315
MinimumVisualStudioVersion = 10.0.40219.1
Project("{FAE04EC0-301F-11D3-BF4B-00C04F79EFBC}") = "EmployeesManagementAPI", "EmployeesManagementAPI\EmployeesManagementAPI.csproj", "{47A44784-6734-46BD-964F-4C4ECBB97414}"
EndProject
Global
	GlobalSection(SolutionConfigurationPlatforms) = preSolution
		Debug|Any CPU = Debug|Any CPU
		Release|Any CPU = Release|Any CPU
	EndGlobalSection
	GlobalSection(ProjectConfigurationPlatforms) = postSolution
		{47A44784-6734-46BD-964F-4C4ECBB97414}.Debug|Any CPU.ActiveCfg = Debug|Any CPU
		{47A44784-6734-46BD-964F-4C4ECBB97414}.Debug|Any CPU.Build.0 = Debug|Any CPU
		{47A44784-6734-46BD-964F-4C4ECBB97414}.Release|Any CPU.ActiveCfg = Release|Any CPU
		{47A44784-6734-46BD-964F-4C4ECBB97414}.Release|Any CPU.Build.0 = Release|Any CPU
	EndGlobalSection
	GlobalSection(SolutionProperties) = preSolution
		HideSolutionNode = FALSE
	EndGlobalSection
	GlobalSection(ExtensibilityGlobals) = postSolution
		SolutionGuid = {DD8AE3B4-1622-443A-9A4A-86134BF96A98}
	EndGlobalSection
EndGlobal
